// !$*UTF8*$!
{
	archiveVersion = 1;
	classes = {
	};
	objectVersion = 46;
	objects = {

/* Begin PBXBuildFile section */
		8269FF9D1AA071E800992228 /* YoudaoWeb.swift in Sources */ = {isa = PBXBuildFile; fileRef = 8269FF9C1AA071E800992228 /* YoudaoWeb.swift */; };
		8269FF9F1AA071E900992228 /* Youdao.swift in Sources */ = {isa = PBXBuildFile; fileRef = 8269FF9E1AA071E900992228 /* Youdao.swift */; };
		8269FFA11AA071E900992228 /* YoudaoBasic.swift in Sources */ = {isa = PBXBuildFile; fileRef = 8269FFA01AA071E900992228 /* YoudaoBasic.swift */; };
		8269FFA31AA0790500992228 /* FetchApi.swift in Sources */ = {isa = PBXBuildFile; fileRef = 8269FFA21AA0790500992228 /* FetchApi.swift */; };
		8293B1A71AB13FBC00FF0572 /* Persistence.swift in Sources */ = {isa = PBXBuildFile; fileRef = 8293B1A61AB13FBC00FF0572 /* Persistence.swift */; };
		8299DDF31A98EDF70085A8BA /* AppDelegate.swift in Sources */ = {isa = PBXBuildFile; fileRef = 8299DDF21A98EDF70085A8BA /* AppDelegate.swift */; };
		8299DDF51A98EDF70085A8BA /* RootViewController.swift in Sources */ = {isa = PBXBuildFile; fileRef = 8299DDF41A98EDF70085A8BA /* RootViewController.swift */; };
		8299DDF71A98EDF70085A8BA /* DataViewController.swift in Sources */ = {isa = PBXBuildFile; fileRef = 8299DDF61A98EDF70085A8BA /* DataViewController.swift */; };
		8299DDF91A98EDF70085A8BA /* ModelController.swift in Sources */ = {isa = PBXBuildFile; fileRef = 8299DDF81A98EDF70085A8BA /* ModelController.swift */; };
		8299DDFC1A98EDF70085A8BA /* Main.storyboard in Resources */ = {isa = PBXBuildFile; fileRef = 8299DDFA1A98EDF70085A8BA /* Main.storyboard */; };
		8299DDFE1A98EDF70085A8BA /* Images.xcassets in Resources */ = {isa = PBXBuildFile; fileRef = 8299DDFD1A98EDF70085A8BA /* Images.xcassets */; };
		8299DE011A98EDF70085A8BA /* LaunchScreen.xib in Resources */ = {isa = PBXBuildFile; fileRef = 8299DDFF1A98EDF70085A8BA /* LaunchScreen.xib */; };
		8299DE0D1A98EDF70085A8BA /* podsampleTests.swift in Sources */ = {isa = PBXBuildFile; fileRef = 8299DE0C1A98EDF70085A8BA /* podsampleTests.swift */; };
		829D2F811AA04C25009DC648 /* SwiftyJSON.swift in Sources */ = {isa = PBXBuildFile; fileRef = 829D2F801AA04C25009DC648 /* SwiftyJSON.swift */; };
		829D2F831AA05D32009DC648 /* APIYoudao.swift in Sources */ = {isa = PBXBuildFile; fileRef = 829D2F821AA05D32009DC648 /* APIYoudao.swift */; };
		829D2F861AA05F85009DC648 /* Vocabulary.xcdatamodeld in Sources */ = {isa = PBXBuildFile; fileRef = 829D2F841AA05F85009DC648 /* Vocabulary.xcdatamodeld */; };
		829D2F881AA0668F009DC648 /* APIBaidu.swift in Sources */ = {isa = PBXBuildFile; fileRef = 829D2F871AA0668F009DC648 /* APIBaidu.swift */; };
/* End PBXBuildFile section */

/* Begin PBXContainerItemProxy section */
		8299DE071A98EDF70085A8BA /* PBXContainerItemProxy */ = {
			isa = PBXContainerItemProxy;
			containerPortal = 8299DDE51A98EDF70085A8BA /* Project object */;
			proxyType = 1;
			remoteGlobalIDString = 8299DDEC1A98EDF70085A8BA;
			remoteInfo = podsample;
		};
/* End PBXContainerItemProxy section */

/* Begin PBXFileReference section */
		051ED60CBC4A7CE707766A02 /* Pods.release.xcconfig */ = {isa = PBXFileReference; includeInIndex = 1; lastKnownFileType = text.xcconfig; name = Pods.release.xcconfig; path = "Pods/Target Support Files/Pods/Pods.release.xcconfig"; sourceTree = "<group>"; };
		3CCCBAF39729152810E2691E /* Pods.debug.xcconfig */ = {isa = PBXFileReference; includeInIndex = 1; lastKnownFileType = text.xcconfig; name = Pods.debug.xcconfig; path = "Pods/Target Support Files/Pods/Pods.debug.xcconfig"; sourceTree = "<group>"; };
		8237D8161A9F22B200459BCD /* podsample-Bridging-Header.h */ = {isa = PBXFileReference; lastKnownFileType = sourcecode.c.h; path = "podsample-Bridging-Header.h"; sourceTree = "<group>"; };
		8269FF9C1AA071E800992228 /* YoudaoWeb.swift */ = {isa = PBXFileReference; fileEncoding = 4; lastKnownFileType = sourcecode.swift; path = YoudaoWeb.swift; sourceTree = "<group>"; };
		8269FF9E1AA071E900992228 /* Youdao.swift */ = {isa = PBXFileReference; fileEncoding = 4; lastKnownFileType = sourcecode.swift; path = Youdao.swift; sourceTree = "<group>"; };
		8269FFA01AA071E900992228 /* YoudaoBasic.swift */ = {isa = PBXFileReference; fileEncoding = 4; lastKnownFileType = sourcecode.swift; path = YoudaoBasic.swift; sourceTree = "<group>"; };
		8269FFA21AA0790500992228 /* FetchApi.swift */ = {isa = PBXFileReference; fileEncoding = 4; lastKnownFileType = sourcecode.swift; path = FetchApi.swift; sourceTree = "<group>"; };
		8293B1A61AB13FBC00FF0572 /* Persistence.swift */ = {isa = PBXFileReference; fileEncoding = 4; lastKnownFileType = sourcecode.swift; path = Persistence.swift; sourceTree = "<group>"; };
		8299DDED1A98EDF70085A8BA /* podsample.app */ = {isa = PBXFileReference; explicitFileType = wrapper.application; includeInIndex = 0; path = podsample.app; sourceTree = BUILT_PRODUCTS_DIR; };
		8299DDF11A98EDF70085A8BA /* Info.plist */ = {isa = PBXFileReference; lastKnownFileType = text.plist.xml; path = Info.plist; sourceTree = "<group>"; };
		8299DDF21A98EDF70085A8BA /* AppDelegate.swift */ = {isa = PBXFileReference; lastKnownFileType = sourcecode.swift; path = AppDelegate.swift; sourceTree = "<group>"; };
		8299DDF41A98EDF70085A8BA /* RootViewController.swift */ = {isa = PBXFileReference; lastKnownFileType = sourcecode.swift; path = RootViewController.swift; sourceTree = "<group>"; };
		8299DDF61A98EDF70085A8BA /* DataViewController.swift */ = {isa = PBXFileReference; lastKnownFileType = sourcecode.swift; path = DataViewController.swift; sourceTree = "<group>"; };
		8299DDF81A98EDF70085A8BA /* ModelController.swift */ = {isa = PBXFileReference; lastKnownFileType = sourcecode.swift; path = ModelController.swift; sourceTree = "<group>"; };
		8299DDFB1A98EDF70085A8BA /* Base */ = {isa = PBXFileReference; lastKnownFileType = file.storyboard; name = Base; path = Base.lproj/Main.storyboard; sourceTree = "<group>"; };
		8299DDFD1A98EDF70085A8BA /* Images.xcassets */ = {isa = PBXFileReference; lastKnownFileType = folder.assetcatalog; path = Images.xcassets; sourceTree = "<group>"; };
		8299DE001A98EDF70085A8BA /* Base */ = {isa = PBXFileReference; lastKnownFileType = file.xib; name = Base; path = Base.lproj/LaunchScreen.xib; sourceTree = "<group>"; };
		8299DE061A98EDF70085A8BA /* podsampleTests.xctest */ = {isa = PBXFileReference; explicitFileType = wrapper.cfbundle; includeInIndex = 0; path = podsampleTests.xctest; sourceTree = BUILT_PRODUCTS_DIR; };
		8299DE0B1A98EDF70085A8BA /* Info.plist */ = {isa = PBXFileReference; lastKnownFileType = text.plist.xml; path = Info.plist; sourceTree = "<group>"; };
		8299DE0C1A98EDF70085A8BA /* podsampleTests.swift */ = {isa = PBXFileReference; lastKnownFileType = sourcecode.swift; path = podsampleTests.swift; sourceTree = "<group>"; };
		829D2F801AA04C25009DC648 /* SwiftyJSON.swift */ = {isa = PBXFileReference; fileEncoding = 4; lastKnownFileType = sourcecode.swift; path = SwiftyJSON.swift; sourceTree = "<group>"; };
		829D2F821AA05D32009DC648 /* APIYoudao.swift */ = {isa = PBXFileReference; fileEncoding = 4; lastKnownFileType = sourcecode.swift; path = APIYoudao.swift; sourceTree = "<group>"; };
		829D2F851AA05F85009DC648 /* Vocabulary.xcdatamodel */ = {isa = PBXFileReference; lastKnownFileType = wrapper.xcdatamodel; path = Vocabulary.xcdatamodel; sourceTree = "<group>"; };
		829D2F871AA0668F009DC648 /* APIBaidu.swift */ = {isa = PBXFileReference; fileEncoding = 4; lastKnownFileType = sourcecode.swift; path = APIBaidu.swift; sourceTree = "<group>"; };
/* End PBXFileReference section */

/* Begin PBXFrameworksBuildPhase section */
		8299DDEA1A98EDF70085A8BA /* Frameworks */ = {
			isa = PBXFrameworksBuildPhase;
			buildActionMask = 2147483647;
			files = (
			);
			runOnlyForDeploymentPostprocessing = 0;
		};
		8299DE031A98EDF70085A8BA /* Frameworks */ = {
			isa = PBXFrameworksBuildPhase;
			buildActionMask = 2147483647;
			files = (
			);
			runOnlyForDeploymentPostprocessing = 0;
		};
/* End PBXFrameworksBuildPhase section */

/* Begin PBXGroup section */
		59EFF7D09DC428A17C442B6A /* Pods */ = {
			isa = PBXGroup;
			children = (
				3CCCBAF39729152810E2691E /* Pods.debug.xcconfig */,
				051ED60CBC4A7CE707766A02 /* Pods.release.xcconfig */,
			);
			name = Pods;
			sourceTree = "<group>";
		};
		8299DDE41A98EDF70085A8BA = {
			isa = PBXGroup;
			children = (
				8299DDEF1A98EDF70085A8BA /* podsample */,
				8299DE091A98EDF70085A8BA /* podsampleTests */,
				8299DDEE1A98EDF70085A8BA /* Products */,
				59EFF7D09DC428A17C442B6A /* Pods */,
				E1BE093D92D510440F00F79B /* Frameworks */,
			);
			sourceTree = "<group>";
		};
		8299DDEE1A98EDF70085A8BA /* Products */ = {
			isa = PBXGroup;
			children = (
				8299DDED1A98EDF70085A8BA /* podsample.app */,
				8299DE061A98EDF70085A8BA /* podsampleTests.xctest */,
			);
			name = Products;
			sourceTree = "<group>";
		};
		8299DDEF1A98EDF70085A8BA /* podsample */ = {
			isa = PBXGroup;
			children = (
				8293B1A61AB13FBC00FF0572 /* Persistence.swift */,
				829D2F841AA05F85009DC648 /* Vocabulary.xcdatamodeld */,
				8269FFA01AA071E900992228 /* YoudaoBasic.swift */,
				8269FF9E1AA071E900992228 /* Youdao.swift */,
				8269FF9C1AA071E800992228 /* YoudaoWeb.swift */,
				829D2F801AA04C25009DC648 /* SwiftyJSON.swift */,
				8299DDF21A98EDF70085A8BA /* AppDelegate.swift */,
				8299DDF41A98EDF70085A8BA /* RootViewController.swift */,
				8299DDF61A98EDF70085A8BA /* DataViewController.swift */,
				8299DDF81A98EDF70085A8BA /* ModelController.swift */,
				8299DDFA1A98EDF70085A8BA /* Main.storyboard */,
				8299DDFD1A98EDF70085A8BA /* Images.xcassets */,
				8299DDFF1A98EDF70085A8BA /* LaunchScreen.xib */,
				8299DDF01A98EDF70085A8BA /* Supporting Files */,
				8237D8161A9F22B200459BCD /* podsample-Bridging-Header.h */,
				8269FFA21AA0790500992228 /* FetchApi.swift */,
				829D2F821AA05D32009DC648 /* APIYoudao.swift */,
				829D2F871AA0668F009DC648 /* APIBaidu.swift */,
			);
			path = podsample;
			sourceTree = "<group>";
		};
		8299DDF01A98EDF70085A8BA /* Supporting Files */ = {
			isa = PBXGroup;
			children = (
				8299DDF11A98EDF70085A8BA /* Info.plist */,
			);
			name = "Supporting Files";
			sourceTree = "<group>";
		};
		8299DE091A98EDF70085A8BA /* podsampleTests */ = {
			isa = PBXGroup;
			children = (
				8299DE0C1A98EDF70085A8BA /* podsampleTests.swift */,
				8299DE0A1A98EDF70085A8BA /* Supporting Files */,
			);
			path = podsampleTests;
			sourceTree = "<group>";
		};
		8299DE0A1A98EDF70085A8BA /* Supporting Files */ = {
			isa = PBXGroup;
			children = (
				8299DE0B1A98EDF70085A8BA /* Info.plist */,
			);
			name = "Supporting Files";
			sourceTree = "<group>";
		};
		E1BE093D92D510440F00F79B /* Frameworks */ = {
			isa = PBXGroup;
			children = (
			);
			name = Frameworks;
			sourceTree = "<group>";
		};
/* End PBXGroup section */

/* Begin PBXNativeTarget section */
		8299DDEC1A98EDF70085A8BA /* podsample */ = {
			isa = PBXNativeTarget;
			buildConfigurationList = 8299DE101A98EDF70085A8BA /* Build configuration list for PBXNativeTarget "podsample" */;
			buildPhases = (
				6DC7D43766AEE71C7EE15E1A /* Check Pods Manifest.lock */,
				8299DDE91A98EDF70085A8BA /* Sources */,
				8299DDEA1A98EDF70085A8BA /* Frameworks */,
				8299DDEB1A98EDF70085A8BA /* Resources */,
				7CA956E0A7E9C23F08F4395F /* Copy Pods Resources */,
			);
			buildRules = (
			);
			dependencies = (
			);
			name = podsample;
			productName = podsample;
			productReference = 8299DDED1A98EDF70085A8BA /* podsample.app */;
			productType = "com.apple.product-type.application";
		};
		8299DE051A98EDF70085A8BA /* podsampleTests */ = {
			isa = PBXNativeTarget;
			buildConfigurationList = 8299DE131A98EDF70085A8BA /* Build configuration list for PBXNativeTarget "podsampleTests" */;
			buildPhases = (
				8299DE021A98EDF70085A8BA /* Sources */,
				8299DE031A98EDF70085A8BA /* Frameworks */,
				8299DE041A98EDF70085A8BA /* Resources */,
			);
			buildRules = (
			);
			dependencies = (
				8299DE081A98EDF70085A8BA /* PBXTargetDependency */,
			);
			name = podsampleTests;
			productName = podsampleTests;
			productReference = 8299DE061A98EDF70085A8BA /* podsampleTests.xctest */;
			productType = "com.apple.product-type.bundle.unit-test";
		};
/* End PBXNativeTarget section */

/* Begin PBXProject section */
		8299DDE51A98EDF70085A8BA /* Project object */ = {
			isa = PBXProject;
			attributes = {
				LastUpgradeCheck = 0610;
				ORGANIZATIONNAME = cfly;
				TargetAttributes = {
					8299DDEC1A98EDF70085A8BA = {
						CreatedOnToolsVersion = 6.1.1;
					};
					8299DE051A98EDF70085A8BA = {
						CreatedOnToolsVersion = 6.1.1;
						TestTargetID = 8299DDEC1A98EDF70085A8BA;
					};
				};
			};
			buildConfigurationList = 8299DDE81A98EDF70085A8BA /* Build configuration list for PBXProject "podsample" */;
			compatibilityVersion = "Xcode 3.2";
			developmentRegion = English;
			hasScannedForEncodings = 0;
			knownRegions = (
				en,
				Base,
			);
			mainGroup = 8299DDE41A98EDF70085A8BA;
			productRefGroup = 8299DDEE1A98EDF70085A8BA /* Products */;
			projectDirPath = "";
			projectRoot = "";
			targets = (
				8299DDEC1A98EDF70085A8BA /* podsample */,
				8299DE051A98EDF70085A8BA /* podsampleTests */,
			);
		};
/* End PBXProject section */

/* Begin PBXResourcesBuildPhase section */
		8299DDEB1A98EDF70085A8BA /* Resources */ = {
			isa = PBXResourcesBuildPhase;
			buildActionMask = 2147483647;
			files = (
				8299DDFC1A98EDF70085A8BA /* Main.storyboard in Resources */,
				8299DE011A98EDF70085A8BA /* LaunchScreen.xib in Resources */,
				8299DDFE1A98EDF70085A8BA /* Images.xcassets in Resources */,
			);
			runOnlyForDeploymentPostprocessing = 0;
		};
		8299DE041A98EDF70085A8BA /* Resources */ = {
			isa = PBXResourcesBuildPhase;
			buildActionMask = 2147483647;
			files = (
			);
			runOnlyForDeploymentPostprocessing = 0;
		};
/* End PBXResourcesBuildPhase section */

/* Begin PBXShellScriptBuildPhase section */
		6DC7D43766AEE71C7EE15E1A /* Check Pods Manifest.lock */ = {
			isa = PBXShellScriptBuildPhase;
			buildActionMask = 2147483647;
			files = (
			);
			inputPaths = (
			);
			name = "Check Pods Manifest.lock";
			outputPaths = (
			);
			runOnlyForDeploymentPostprocessing = 0;
			shellPath = /bin/sh;
			shellScript = "diff \"${PODS_ROOT}/../Podfile.lock\" \"${PODS_ROOT}/Manifest.lock\" > /dev/null\nif [[ $? != 0 ]] ; then\n    cat << EOM\nerror: The sandbox is not in sync with the Podfile.lock. Run 'pod install' or update your CocoaPods installation.\nEOM\n    exit 1\nfi\n";
			showEnvVarsInLog = 0;
		};
		7CA956E0A7E9C23F08F4395F /* Copy Pods Resources */ = {
			isa = PBXShellScriptBuildPhase;
			buildActionMask = 2147483647;
			files = (
			);
			inputPaths = (
			);
			name = "Copy Pods Resources";
			outputPaths = (
			);
			runOnlyForDeploymentPostprocessing = 0;
			shellPath = /bin/sh;
			shellScript = "\"${SRCROOT}/Pods/Target Support Files/Pods/Pods-resources.sh\"\n";
			showEnvVarsInLog = 0;
		};
/* End PBXShellScriptBuildPhase section */

/* Begin PBXSourcesBuildPhase section */
		8299DDE91A98EDF70085A8BA /* Sources */ = {
			isa = PBXSourcesBuildPhase;
			buildActionMask = 2147483647;
			files = (
				8269FF9F1AA071E900992228 /* Youdao.swift in Sources */,
				829D2F881AA0668F009DC648 /* APIBaidu.swift in Sources */,
				8299DDF51A98EDF70085A8BA /* RootViewController.swift in Sources */,
				8299DDF91A98EDF70085A8BA /* ModelController.swift in Sources */,
				8299DDF71A98EDF70085A8BA /* DataViewController.swift in Sources */,
				829D2F811AA04C25009DC648 /* SwiftyJSON.swift in Sources */,
				8269FF9D1AA071E800992228 /* YoudaoWeb.swift in Sources */,
				8293B1A71AB13FBC00FF0572 /* Persistence.swift in Sources */,
				829D2F861AA05F85009DC648 /* Vocabulary.xcdatamodeld in Sources */,
				8299DDF31A98EDF70085A8BA /* AppDelegate.swift in Sources */,
				8269FFA31AA0790500992228 /* FetchApi.swift in Sources */,
				8269FFA11AA071E900992228 /* YoudaoBasic.swift in Sources */,
				829D2F831AA05D32009DC648 /* APIYoudao.swift in Sources */,
			);
			runOnlyForDeploymentPostprocessing = 0;
		};
		8299DE021A98EDF70085A8BA /* Sources */ = {
			isa = PBXSourcesBuildPhase;
			buildActionMask = 2147483647;
			files = (
				8299DE0D1A98EDF70085A8BA /* podsampleTests.swift in Sources */,
			);
			runOnlyForDeploymentPostprocessing = 0;
		};
/* End PBXSourcesBuildPhase section */

/* Begin PBXTargetDependency section */
		8299DE081A98EDF70085A8BA /* PBXTargetDependency */ = {
			isa = PBXTargetDependency;
			target = 8299DDEC1A98EDF70085A8BA /* podsample */;
			targetProxy = 8299DE071A98EDF70085A8BA /* PBXContainerItemProxy */;
		};
/* End PBXTargetDependency section */

/* Begin PBXVariantGroup section */
		8299DDFA1A98EDF70085A8BA /* Main.storyboard */ = {
			isa = PBXVariantGroup;
			children = (
				8299DDFB1A98EDF70085A8BA /* Base */,
			);
			name = Main.storyboard;
			sourceTree = "<group>";
		};
		8299DDFF1A98EDF70085A8BA /* LaunchScreen.xib */ = {
			isa = PBXVariantGroup;
			children = (
				8299DE001A98EDF70085A8BA /* Base */,
			);
			name = LaunchScreen.xib;
			sourceTree = "<group>";
		};
/* End PBXVariantGroup section */

/* Begin XCBuildConfiguration section */
		8299DE0E1A98EDF70085A8BA /* Debug */ = {
			isa = XCBuildConfiguration;
			buildSettings = {
				ALWAYS_SEARCH_USER_PATHS = NO;
				CLANG_CXX_LANGUAGE_STANDARD = "gnu++0x";
				CLANG_CXX_LIBRARY = "libc++";
				CLANG_ENABLE_MODULES = YES;
				CLANG_ENABLE_OBJC_ARC = YES;
				CLANG_WARN_BOOL_CONVERSION = YES;
				CLANG_WARN_CONSTANT_CONVERSION = YES;
				CLANG_WARN_DIRECT_OBJC_ISA_USAGE = YES_ERROR;
				CLANG_WARN_EMPTY_BODY = YES;
				CLANG_WARN_ENUM_CONVERSION = YES;
				CLANG_WARN_INT_CONVERSION = YES;
				CLANG_WARN_OBJC_ROOT_CLASS = YES_ERROR;
				CLANG_WARN_UNREACHABLE_CODE = YES;
				CLANG_WARN__DUPLICATE_METHOD_MATCH = YES;
				"CODE_SIGN_IDENTITY[sdk=iphoneos*]" = "iPhone Developer";
				COPY_PHASE_STRIP = NO;
				ENABLE_STRICT_OBJC_MSGSEND = YES;
				GCC_C_LANGUAGE_STANDARD = gnu99;
				GCC_DYNAMIC_NO_PIC = NO;
				GCC_OPTIMIZATION_LEVEL = 0;
				GCC_PREPROCESSOR_DEFINITIONS = (
					"DEBUG=1",
					"$(inherited)",
				);
				GCC_SYMBOLS_PRIVATE_EXTERN = NO;
				GCC_WARN_64_TO_32_BIT_CONVERSION = YES;
				GCC_WARN_ABOUT_RETURN_TYPE = YES_ERROR;
				GCC_WARN_UNDECLARED_SELECTOR = YES;
				GCC_WARN_UNINITIALIZED_AUTOS = YES_AGGRESSIVE;
				GCC_WARN_UNUSED_FUNCTION = YES;
				GCC_WARN_UNUSED_VARIABLE = YES;
				IPHONEOS_DEPLOYMENT_TARGET = 8.1;
				MTL_ENABLE_DEBUG_INFO = YES;
				ONLY_ACTIVE_ARCH = YES;
				SDKROOT = iphoneos;
				SWIFT_OPTIMIZATION_LEVEL = "-Onone";
				TARGETED_DEVICE_FAMILY = "1,2";
			};
			name = Debug;
		};
		8299DE0F1A98EDF70085A8BA /* Release */ = {
			isa = XCBuildConfiguration;
			buildSettings = {
				ALWAYS_SEARCH_USER_PATHS = NO;
				CLANG_CXX_LANGUAGE_STANDARD = "gnu++0x";
				CLANG_CXX_LIBRARY = "libc++";
				CLANG_ENABLE_MODULES = YES;
				CLANG_ENABLE_OBJC_ARC = YES;
				CLANG_WARN_BOOL_CONVERSION = YES;
				CLANG_WARN_CONSTANT_CONVERSION = YES;
				CLANG_WARN_DIRECT_OBJC_ISA_USAGE = YES_ERROR;
				CLANG_WARN_EMPTY_BODY = YES;
				CLANG_WARN_ENUM_CONVERSION = YES;
				CLANG_WARN_INT_CONVERSION = YES;
				CLANG_WARN_OBJC_ROOT_CLASS = YES_ERROR;
				CLANG_WARN_UNREACHABLE_CODE = YES;
				CLANG_WARN__DUPLICATE_METHOD_MATCH = YES;
				"CODE_SIGN_IDENTITY[sdk=iphoneos*]" = "iPhone Developer";
				COPY_PHASE_STRIP = YES;
				ENABLE_NS_ASSERTIONS = NO;
				ENABLE_STRICT_OBJC_MSGSEND = YES;
				GCC_C_LANGUAGE_STANDARD = gnu99;
				GCC_WARN_64_TO_32_BIT_CONVERSION = YES;
				GCC_WARN_ABOUT_RETURN_TYPE = YES_ERROR;
				GCC_WARN_UNDECLARED_SELECTOR = YES;
				GCC_WARN_UNINITIALIZED_AUTOS = YES_AGGRESSIVE;
				GCC_WARN_UNUSED_FUNCTION = YES;
				GCC_WARN_UNUSED_VARIABLE = YES;
				IPHONEOS_DEPLOYMENT_TARGET = 8.1;
				MTL_ENABLE_DEBUG_INFO = NO;
				SDKROOT = iphoneos;
				TARGETED_DEVICE_FAMILY = "1,2";
				VALIDATE_PRODUCT = YES;
			};
			name = Release;
		};
		8299DE111A98EDF70085A8BA /* Debug */ = {
			isa = XCBuildConfiguration;
			baseConfigurationReference = 3CCCBAF39729152810E2691E /* Pods.debug.xcconfig */;
			buildSettings = {
				ASSETCATALOG_COMPILER_APPICON_NAME = AppIcon;
				CLANG_ENABLE_MODULES = YES;
				INFOPLIST_FILE = podsample/Info.plist;
				LD_RUNPATH_SEARCH_PATHS = "$(inherited) @executable_path/Frameworks";
				LIBRARY_SEARCH_PATHS = (
					"$(inherited)",
					"$(PROJECT_DIR)/Pods/build/Debug-iphoneos",
				);
				PRODUCT_NAME = "$(TARGET_NAME)";
				SWIFT_OBJC_BRIDGING_HEADER = "podsample/podsample-Bridging-Header.h";
				SWIFT_OPTIMIZATION_LEVEL = "-Onone";
			};
			name = Debug;
		};
		8299DE121A98EDF70085A8BA /* Release */ = {
			isa = XCBuildConfiguration;
			baseConfigurationReference = 051ED60CBC4A7CE707766A02 /* Pods.release.xcconfig */;
			buildSettings = {
				ASSETCATALOG_COMPILER_APPICON_NAME = AppIcon;
				CLANG_ENABLE_MODULES = YES;
				INFOPLIST_FILE = podsample/Info.plist;
				LD_RUNPATH_SEARCH_PATHS = "$(inherited) @executable_path/Frameworks";
				LIBRARY_SEARCH_PATHS = (
					"$(inherited)",
					"$(PROJECT_DIR)/Pods/build/Debug-iphoneos",
				);
				PRODUCT_NAME = "$(TARGET_NAME)";
				SWIFT_OBJC_BRIDGING_HEADER = "podsample/podsample-Bridging-Header.h";
			};
			name = Release;
		};
		8299DE141A98EDF70085A8BA /* Debug */ = {
			isa = XCBuildConfiguration;
			buildSettings = {
				BUNDLE_LOADER = "$(TEST_HOST)";
				FRAMEWORK_SEARCH_PATHS = (
					"$(SDKROOT)/Developer/Library/Frameworks",
					"$(inherited)",
				);
				GCC_PREPROCESSOR_DEFINITIONS = (
					"DEBUG=1",
					"$(inherited)",
				);
				INFOPLIST_FILE = podsampleTests/Info.plist;
				LD_RUNPATH_SEARCH_PATHS = "$(inherited) @executable_path/Frameworks @loader_path/Frameworks";
				PRODUCT_NAME = "$(TARGET_NAME)";
				TEST_HOST = "$(BUILT_PRODUCTS_DIR)/podsample.app/podsample";
			};
			name = Debug;
		};
		8299DE151A98EDF70085A8BA /* Release */ = {
			isa = XCBuildConfiguration;
			buildSettings = {
				BUNDLE_LOADER = "$(TEST_HOST)";
				FRAMEWORK_SEARCH_PATHS = (
					"$(SDKROOT)/Developer/Library/Frameworks",
					"$(inherited)",
				);
				INFOPLIST_FILE = podsampleTests/Info.plist;
				LD_RUNPATH_SEARCH_PATHS = "$(inherited) @executable_path/Frameworks @loader_path/Frameworks";
				PRODUCT_NAME = "$(TARGET_NAME)";
				TEST_HOST = "$(BUILT_PRODUCTS_DIR)/podsample.app/podsample";
			};
			name = Release;
		};
/* End XCBuildConfiguration section */

/* Begin XCConfigurationList section */
		8299DDE81A98EDF70085A8BA /* Build configuration list for PBXProject "podsample" */ = {
			isa = XCConfigurationList;
			buildConfigurations = (
				8299DE0E1A98EDF70085A8BA /* Debug */,
				8299DE0F1A98EDF70085A8BA /* Release */,
			);
			defaultConfigurationIsVisible = 0;
			defaultConfigurationName = Release;
		};
		8299DE101A98EDF70085A8BA /* Build configuration list for PBXNativeTarget "podsample" */ = {
			isa = XCConfigurationList;
			buildConfigurations = (
				8299DE111A98EDF70085A8BA /* Debug */,
				8299DE121A98EDF70085A8BA /* Release */,
			);
			defaultConfigurationIsVisible = 0;
			defaultConfigurationName = Release;
		};
		8299DE131A98EDF70085A8BA /* Build configuration list for PBXNativeTarget "podsampleTests" */ = {
			isa = XCConfigurationList;
			buildConfigurations = (
				8299DE141A98EDF70085A8BA /* Debug */,
				8299DE151A98EDF70085A8BA /* Release */,
			);
			defaultConfigurationIsVisible = 0;
			defaultConfigurationName = Release;
		};
/* End XCConfigurationList section */

/* Begin XCVersionGroup section */
		829D2F841AA05F85009DC648 /* Vocabulary.xcdatamodeld */ = {
			isa = XCVersionGroup;
			children = (
				829D2F851AA05F85009DC648 /* Vocabulary.xcdatamodel */,
			);
			currentVersion = 829D2F851AA05F85009DC648 /* Vocabulary.xcdatamodel */;
			path = Vocabulary.xcdatamodeld;
			sourceTree = "<group>";
			versionGroupType = wrapper.xcdatamodel;
		};
/* End XCVersionGroup section */
	};
	rootObject = 8299DDE51A98EDF70085A8BA /* Project object */;
}
